Microsoft Visual Studio Solution File, Format Version 12.00
# Visual Studio Version 17
VisualStudioVersion = 17.5.2.0
MinimumVisualStudioVersion = 10.0.40219.1
Project("{FAE04EC0-301F-11D3-BF4B-00C04F79EFBC}") = "tagsync", "tagsync.csproj", "{0C5AD268-7E69-487C-DF11-CC4A775FA5BC}"
EndProject
Global
	GlobalSection(SolutionConfigurationPlatforms) = preSolution
		Debug|Any CPU = Debug|Any CPU
		Release|Any CPU = Release|Any CPU
	EndGlobalSection
	GlobalSection(ProjectConfigurationPlatforms) = postSolution
		{0C5AD268-7E69-487C-DF11-CC4A775FA5BC}.Debug|Any CPU.ActiveCfg = Debug|Any CPU
		{0C5AD268-7E69-487C-DF11-CC4A775FA5BC}.Debug|Any CPU.Build.0 = Debug|Any CPU
		{0C5AD268-7E69-487C-DF11-CC4A775FA5BC}.Release|Any CPU.ActiveCfg = Release|Any CPU
		{0C5AD268-7E69-487C-DF11-CC4A775FA5BC}.Release|Any CPU.Build.0 = Release|Any CPU
	EndGlobalSection
	GlobalSection(SolutionProperties) = preSolution
		HideSolutionNode = FALSE
	EndGlobalSection
	GlobalSection(ExtensibilityGlobals) = postSolution
		SolutionGuid = {832DCF80-B0C7-4BA9-AFD5-243A1F2CFDFA}
	EndGlobalSection
EndGlobal
